
Microsoft Visual Studio Solution File, Format Version 12.00
# Visual Studio Version 16
VisualStudioVersion = 16.0.29025.244
MinimumVisualStudioVersion = 10.0.40219.1
Project("{9A19103F-16F7-4668-BE54-9A1E7A4F7556}") = "APIServer", "APIServer.csproj", "{CDD6E757-DDD4-4E68-A334-81B9411E0483}"
EndProject
Global
	GlobalSection(SolutionConfigurationPlatforms) = preSolution
		Debug|Any CPU = Debug|Any CPU
		Release|Any CPU = Release|Any CPU
	EndGlobalSection
	GlobalSection(ProjectConfigurationPlatforms) = postSolution
		{CDD6E757-DDD4-4E68-A334-81B9411E0483}.Debug|Any CPU.ActiveCfg = Debug|Any CPU
		{CDD6E757-DDD4-4E68-A334-81B9411E0483}.Debug|Any CPU.Build.0 = Debug|Any CPU
		{CDD6E757-DDD4-4E68-A334-81B9411E0483}.Release|Any CPU.ActiveCfg = Release|Any CPU
		{CDD6E757-DDD4-4E68-A334-81B9411E0483}.Release|Any CPU.Build.0 = Release|Any CPU
	EndGlobalSection
	GlobalSection(SolutionProperties) = preSolution
		HideSolutionNode = FALSE
	EndGlobalSection
	GlobalSection(ExtensibilityGlobals) = postSolution
		SolutionGuid = {C9388E21-56A1-49E0-9297-CC478F680F56}
	EndGlobalSection
EndGlobal
