
Microsoft Visual Studio Solution File, Format Version 12.00
# Visual Studio Version 16
VisualStudioVersion = 16.0.29215.179
MinimumVisualStudioVersion = 10.0.40219.1
Project("{8BC9CEB8-8B4A-11D0-8D11-00A0C91BC942}") = "Test", "Test.vcxproj", "{45DC8C7C-3113-8E0D-DAFF-7310C6150A0F}"
EndProject
Global
	GlobalSection(SolutionConfigurationPlatforms) = preSolution
		Debug|Win64 = Debug|Win64
		Debug|x64 = Debug|x64
		Debug|x86 = Debug|x86
		Release|Win64 = Release|Win64
		Release|x64 = Release|x64
		Release|x86 = Release|x86
	EndGlobalSection
	GlobalSection(ProjectConfigurationPlatforms) = postSolution
		{45DC8C7C-3113-8E0D-DAFF-7310C6150A0F}.Debug|Win64.ActiveCfg = Debug Win64|x64
		{45DC8C7C-3113-8E0D-DAFF-7310C6150A0F}.Debug|Win64.Build.0 = Debug Win64|x64
		{45DC8C7C-3113-8E0D-DAFF-7310C6150A0F}.Debug|x64.ActiveCfg = Debug Win64|x64
		{45DC8C7C-3113-8E0D-DAFF-7310C6150A0F}.Debug|x64.Build.0 = Debug Win64|x64
		{45DC8C7C-3113-8E0D-DAFF-7310C6150A0F}.Debug|x86.ActiveCfg = Release Win64|x64
		{45DC8C7C-3113-8E0D-DAFF-7310C6150A0F}.Debug|x86.Build.0 = Release Win64|x64
		{45DC8C7C-3113-8E0D-DAFF-7310C6150A0F}.Release|Win64.ActiveCfg = Release Win64|x64
		{45DC8C7C-3113-8E0D-DAFF-7310C6150A0F}.Release|Win64.Build.0 = Release Win64|x64
		{45DC8C7C-3113-8E0D-DAFF-7310C6150A0F}.Release|x64.ActiveCfg = Release Win64|x64
		{45DC8C7C-3113-8E0D-DAFF-7310C6150A0F}.Release|x64.Build.0 = Release Win64|x64
		{45DC8C7C-3113-8E0D-DAFF-7310C6150A0F}.Release|x86.ActiveCfg = Release Win64|x64
		{45DC8C7C-3113-8E0D-DAFF-7310C6150A0F}.Release|x86.Build.0 = Release Win64|x64
	EndGlobalSection
	GlobalSection(SolutionProperties) = preSolution
		HideSolutionNode = FALSE
	EndGlobalSection
	GlobalSection(ExtensibilityGlobals) = postSolution
		SolutionGuid = {2046D9CF-43CC-4B30-A225-FD3D0D9D6C8F}
	EndGlobalSection
EndGlobal
